
Microsoft Visual Studio Solution File, Format Version 12.00
# Visual Studio Version 17
VisualStudioVersion = 17.4.33103.184
MinimumVisualStudioVersion = 10.0.40219.1
Project("{FAE04EC0-301F-11D3-BF4B-00C04F79EFBC}") = "CalculadoraForms", "CalculadoraForms\CalculadoraForms.csproj", "{3ABC8D07-BF28-4062-A909-5A82708F8EAD}"
EndProject
Global
	GlobalSection(SolutionConfigurationPlatforms) = preSolution
		Debug|Any CPU = Debug|Any CPU
		Release|Any CPU = Release|Any CPU
	EndGlobalSection
	GlobalSection(ProjectConfigurationPlatforms) = postSolution
		{3ABC8D07-BF28-4062-A909-5A82708F8EAD}.Debug|Any CPU.ActiveCfg = Debug|Any CPU
		{3ABC8D07-BF28-4062-A909-5A82708F8EAD}.Debug|Any CPU.Build.0 = Debug|Any CPU
		{3ABC8D07-BF28-4062-A909-5A82708F8EAD}.Release|Any CPU.ActiveCfg = Release|Any CPU
		{3ABC8D07-BF28-4062-A909-5A82708F8EAD}.Release|Any CPU.Build.0 = Release|Any CPU
	EndGlobalSection
	GlobalSection(SolutionProperties) = preSolution
		HideSolutionNode = FALSE
	EndGlobalSection
	GlobalSection(ExtensibilityGlobals) = postSolution
		SolutionGuid = {D07356AA-8E60-48D5-A34F-9DE275DCF2BC}
	EndGlobalSection
EndGlobal
